
Microsoft Visual Studio Solution File, Format Version 12.00
# Visual Studio Version 17
VisualStudioVersion = 17.8.34330.188
MinimumVisualStudioVersion = 10.0.40219.1
Project("{2150E333-8FDC-42A3-9474-1A3956D46DE8}") = "WebSite", "WebSite", "{2D72685F-6011-4F19-A61E-16E3F1A399A0}"
EndProject
Project("{9A19103F-16F7-4668-BE54-9A1E7A4F7556}") = "WebSite.Application", "WebSite.Application\WebSite.Application.csproj", "{27BB2CA2-FD69-4707-AD20-B5EFD61ECA89}"
EndProject
Project("{9A19103F-16F7-4668-BE54-9A1E7A4F7556}") = "WebSite.Infrostructure", "WebSite.Infrostructure\WebSite.Infrostructure.csproj", "{73ACD4BE-0BFD-45A5-BAED-B53A3F1D82C3}"
EndProject
Project("{9A19103F-16F7-4668-BE54-9A1E7A4F7556}") = "WebSite.Persistance", "WebSite.Persistance\WebSite.Persistance.csproj", "{1B5CD17B-7F31-465C-97CD-DC720F458096}"
EndProject
Project("{9A19103F-16F7-4668-BE54-9A1E7A4F7556}") = "WebSite.Api", "WebSite.Api\WebSite.Api.csproj", "{6163CB81-BB47-429D-AB47-1690693CE9FC}"
EndProject
Project("{FAE04EC0-301F-11D3-BF4B-00C04F79EFBC}") = "WebSite.Domain", "WebSite.Domain\WebSite.Domain.csproj", "{122F3EB4-6C2C-4CB0-BD54-304811086DA1}"
EndProject
Global
	GlobalSection(SolutionConfigurationPlatforms) = preSolution
		Debug|Any CPU = Debug|Any CPU
		Release|Any CPU = Release|Any CPU
	EndGlobalSection
	GlobalSection(ProjectConfigurationPlatforms) = postSolution
		{27BB2CA2-FD69-4707-AD20-B5EFD61ECA89}.Debug|Any CPU.ActiveCfg = Debug|Any CPU
		{27BB2CA2-FD69-4707-AD20-B5EFD61ECA89}.Debug|Any CPU.Build.0 = Debug|Any CPU
		{27BB2CA2-FD69-4707-AD20-B5EFD61ECA89}.Release|Any CPU.ActiveCfg = Release|Any CPU
		{27BB2CA2-FD69-4707-AD20-B5EFD61ECA89}.Release|Any CPU.Build.0 = Release|Any CPU
		{73ACD4BE-0BFD-45A5-BAED-B53A3F1D82C3}.Debug|Any CPU.ActiveCfg = Debug|Any CPU
		{73ACD4BE-0BFD-45A5-BAED-B53A3F1D82C3}.Debug|Any CPU.Build.0 = Debug|Any CPU
		{73ACD4BE-0BFD-45A5-BAED-B53A3F1D82C3}.Release|Any CPU.ActiveCfg = Release|Any CPU
		{73ACD4BE-0BFD-45A5-BAED-B53A3F1D82C3}.Release|Any CPU.Build.0 = Release|Any CPU
		{1B5CD17B-7F31-465C-97CD-DC720F458096}.Debug|Any CPU.ActiveCfg = Debug|Any CPU
		{1B5CD17B-7F31-465C-97CD-DC720F458096}.Debug|Any CPU.Build.0 = Debug|Any CPU
		{1B5CD17B-7F31-465C-97CD-DC720F458096}.Release|Any CPU.ActiveCfg = Release|Any CPU
		{1B5CD17B-7F31-465C-97CD-DC720F458096}.Release|Any CPU.Build.0 = Release|Any CPU
		{6163CB81-BB47-429D-AB47-1690693CE9FC}.Debug|Any CPU.ActiveCfg = Debug|Any CPU
		{6163CB81-BB47-429D-AB47-1690693CE9FC}.Debug|Any CPU.Build.0 = Debug|Any CPU
		{6163CB81-BB47-429D-AB47-1690693CE9FC}.Release|Any CPU.ActiveCfg = Release|Any CPU
		{6163CB81-BB47-429D-AB47-1690693CE9FC}.Release|Any CPU.Build.0 = Release|Any CPU
		{122F3EB4-6C2C-4CB0-BD54-304811086DA1}.Debug|Any CPU.ActiveCfg = Debug|Any CPU
		{122F3EB4-6C2C-4CB0-BD54-304811086DA1}.Debug|Any CPU.Build.0 = Debug|Any CPU
		{122F3EB4-6C2C-4CB0-BD54-304811086DA1}.Release|Any CPU.ActiveCfg = Release|Any CPU
		{122F3EB4-6C2C-4CB0-BD54-304811086DA1}.Release|Any CPU.Build.0 = Release|Any CPU
	EndGlobalSection
	GlobalSection(SolutionProperties) = preSolution
		HideSolutionNode = FALSE
	EndGlobalSection
	GlobalSection(NestedProjects) = preSolution
		{27BB2CA2-FD69-4707-AD20-B5EFD61ECA89} = {2D72685F-6011-4F19-A61E-16E3F1A399A0}
		{73ACD4BE-0BFD-45A5-BAED-B53A3F1D82C3} = {2D72685F-6011-4F19-A61E-16E3F1A399A0}
		{1B5CD17B-7F31-465C-97CD-DC720F458096} = {2D72685F-6011-4F19-A61E-16E3F1A399A0}
		{6163CB81-BB47-429D-AB47-1690693CE9FC} = {2D72685F-6011-4F19-A61E-16E3F1A399A0}
		{122F3EB4-6C2C-4CB0-BD54-304811086DA1} = {2D72685F-6011-4F19-A61E-16E3F1A399A0}
	EndGlobalSection
	GlobalSection(ExtensibilityGlobals) = postSolution
		SolutionGuid = {933FE28C-7ABF-4540-BD83-12A683EDD23F}
	EndGlobalSection
EndGlobal
